
Microsoft Visual Studio Solution File, Format Version 12.00
# Visual Studio Version 17
VisualStudioVersion = 17.1.32421.90
MinimumVisualStudioVersion = 10.0.40219.1
Project("{FAE04EC0-301F-11D3-BF4B-00C04F79EFBC}") = "Berek2020", "Berek2020\Berek2020.csproj", "{2FE2C05D-0E33-401E-BA84-832EA1CEAB36}"
EndProject
Global
	GlobalSection(SolutionConfigurationPlatforms) = preSolution
		Debug|Any CPU = Debug|Any CPU
		Release|Any CPU = Release|Any CPU
	EndGlobalSection
	GlobalSection(ProjectConfigurationPlatforms) = postSolution
		{2FE2C05D-0E33-401E-BA84-832EA1CEAB36}.Debug|Any CPU.ActiveCfg = Debug|Any CPU
		{2FE2C05D-0E33-401E-BA84-832EA1CEAB36}.Debug|Any CPU.Build.0 = Debug|Any CPU
		{2FE2C05D-0E33-401E-BA84-832EA1CEAB36}.Release|Any CPU.ActiveCfg = Release|Any CPU
		{2FE2C05D-0E33-401E-BA84-832EA1CEAB36}.Release|Any CPU.Build.0 = Release|Any CPU
	EndGlobalSection
	GlobalSection(SolutionProperties) = preSolution
		HideSolutionNode = FALSE
	EndGlobalSection
	GlobalSection(ExtensibilityGlobals) = postSolution
		SolutionGuid = {BFBEDD43-9710-452D-AA20-5AD196BE6B42}
	EndGlobalSection
EndGlobal
