
Microsoft Visual Studio Solution File, Format Version 12.00
# Visual Studio Version 17
VisualStudioVersion = 17.9.34723.18
MinimumVisualStudioVersion = 10.0.40219.1
Project("{FAE04EC0-301F-11D3-BF4B-00C04F79EFBC}") = "Versenyzok", "Versenyzok.csproj", "{F86E5A0C-2A71-4C77-B52B-DB0A10BD6279}"
EndProject
Global
	GlobalSection(SolutionConfigurationPlatforms) = preSolution
		Debug|Any CPU = Debug|Any CPU
		Release|Any CPU = Release|Any CPU
	EndGlobalSection
	GlobalSection(ProjectConfigurationPlatforms) = postSolution
		{F86E5A0C-2A71-4C77-B52B-DB0A10BD6279}.Debug|Any CPU.ActiveCfg = Debug|Any CPU
		{F86E5A0C-2A71-4C77-B52B-DB0A10BD6279}.Debug|Any CPU.Build.0 = Debug|Any CPU
		{F86E5A0C-2A71-4C77-B52B-DB0A10BD6279}.Release|Any CPU.ActiveCfg = Release|Any CPU
		{F86E5A0C-2A71-4C77-B52B-DB0A10BD6279}.Release|Any CPU.Build.0 = Release|Any CPU
	EndGlobalSection
	GlobalSection(SolutionProperties) = preSolution
		HideSolutionNode = FALSE
	EndGlobalSection
	GlobalSection(ExtensibilityGlobals) = postSolution
		SolutionGuid = {9352C9D6-0E95-4E3B-9728-80AA7AE673FF}
	EndGlobalSection
EndGlobal
