
Microsoft Visual Studio Solution File, Format Version 12.00
# Visual Studio Version 17
VisualStudioVersion = 17.9.34723.18
MinimumVisualStudioVersion = 10.0.40219.1
Project("{FAE04EC0-301F-11D3-BF4B-00C04F79EFBC}") = "Nyelvvizsga", "Nyelvvizsga.csproj", "{F659F851-0EFF-4D4A-B32F-6A7C7D1F0C19}"
EndProject
Global
	GlobalSection(SolutionConfigurationPlatforms) = preSolution
		Debug|Any CPU = Debug|Any CPU
		Release|Any CPU = Release|Any CPU
	EndGlobalSection
	GlobalSection(ProjectConfigurationPlatforms) = postSolution
		{F659F851-0EFF-4D4A-B32F-6A7C7D1F0C19}.Debug|Any CPU.ActiveCfg = Debug|Any CPU
		{F659F851-0EFF-4D4A-B32F-6A7C7D1F0C19}.Debug|Any CPU.Build.0 = Debug|Any CPU
		{F659F851-0EFF-4D4A-B32F-6A7C7D1F0C19}.Release|Any CPU.ActiveCfg = Release|Any CPU
		{F659F851-0EFF-4D4A-B32F-6A7C7D1F0C19}.Release|Any CPU.Build.0 = Release|Any CPU
	EndGlobalSection
	GlobalSection(SolutionProperties) = preSolution
		HideSolutionNode = FALSE
	EndGlobalSection
	GlobalSection(ExtensibilityGlobals) = postSolution
		SolutionGuid = {7C44399B-A95A-4DB8-A9E7-431A56250D48}
	EndGlobalSection
EndGlobal
