
Microsoft Visual Studio Solution File, Format Version 12.00
# Visual Studio Version 17
VisualStudioVersion = 17.9.34728.123
MinimumVisualStudioVersion = 10.0.40219.1
Project("{FAE04EC0-301F-11D3-BF4B-00C04F79EFBC}") = "kosar2004", "kosar2004.csproj", "{801E6989-6ADE-4032-BCE7-71C3E4D3F116}"
EndProject
Global
	GlobalSection(SolutionConfigurationPlatforms) = preSolution
		Debug|Any CPU = Debug|Any CPU
		Release|Any CPU = Release|Any CPU
	EndGlobalSection
	GlobalSection(ProjectConfigurationPlatforms) = postSolution
		{801E6989-6ADE-4032-BCE7-71C3E4D3F116}.Debug|Any CPU.ActiveCfg = Debug|Any CPU
		{801E6989-6ADE-4032-BCE7-71C3E4D3F116}.Debug|Any CPU.Build.0 = Debug|Any CPU
		{801E6989-6ADE-4032-BCE7-71C3E4D3F116}.Release|Any CPU.ActiveCfg = Release|Any CPU
		{801E6989-6ADE-4032-BCE7-71C3E4D3F116}.Release|Any CPU.Build.0 = Release|Any CPU
	EndGlobalSection
	GlobalSection(SolutionProperties) = preSolution
		HideSolutionNode = FALSE
	EndGlobalSection
	GlobalSection(ExtensibilityGlobals) = postSolution
		SolutionGuid = {F481C5B2-D4C8-4A29-95FC-3071C4ECFB5C}
	EndGlobalSection
EndGlobal
