
Microsoft Visual Studio Solution File, Format Version 12.00
# Visual Studio Version 17
VisualStudioVersion = 17.9.34723.18
MinimumVisualStudioVersion = 10.0.40219.1
Project("{FAE04EC0-301F-11D3-BF4B-00C04F79EFBC}") = "csudh", "csudh.csproj", "{CE07D9A2-2DF1-4BD5-A6C8-CE50B51BD12F}"
EndProject
Global
	GlobalSection(SolutionConfigurationPlatforms) = preSolution
		Debug|Any CPU = Debug|Any CPU
		Release|Any CPU = Release|Any CPU
	EndGlobalSection
	GlobalSection(ProjectConfigurationPlatforms) = postSolution
		{CE07D9A2-2DF1-4BD5-A6C8-CE50B51BD12F}.Debug|Any CPU.ActiveCfg = Debug|Any CPU
		{CE07D9A2-2DF1-4BD5-A6C8-CE50B51BD12F}.Debug|Any CPU.Build.0 = Debug|Any CPU
		{CE07D9A2-2DF1-4BD5-A6C8-CE50B51BD12F}.Release|Any CPU.ActiveCfg = Release|Any CPU
		{CE07D9A2-2DF1-4BD5-A6C8-CE50B51BD12F}.Release|Any CPU.Build.0 = Release|Any CPU
	EndGlobalSection
	GlobalSection(SolutionProperties) = preSolution
		HideSolutionNode = FALSE
	EndGlobalSection
	GlobalSection(ExtensibilityGlobals) = postSolution
		SolutionGuid = {1BBDAF55-AE80-4D6A-A0C8-E5E1E3AE8FC6}
	EndGlobalSection
EndGlobal
